
Microsoft Visual Studio Solution File, Format Version 12.00
# Visual Studio 15
VisualStudioVersion = 15.0.27428.2011
MinimumVisualStudioVersion = 10.0.40219.1
Project("{FAE04EC0-301F-11D3-BF4B-00C04F79EFBC}") = "Hoteles", "Hoteles\Hoteles.csproj", "{05A4FC98-944A-4C13-B6C9-D1CBF171C2BD}"
EndProject
Global
	GlobalSection(SolutionConfigurationPlatforms) = preSolution
		Debug|Any CPU = Debug|Any CPU
		Release|Any CPU = Release|Any CPU
	EndGlobalSection
	GlobalSection(ProjectConfigurationPlatforms) = postSolution
		{05A4FC98-944A-4C13-B6C9-D1CBF171C2BD}.Debug|Any CPU.ActiveCfg = Debug|Any CPU
		{05A4FC98-944A-4C13-B6C9-D1CBF171C2BD}.Debug|Any CPU.Build.0 = Debug|Any CPU
		{05A4FC98-944A-4C13-B6C9-D1CBF171C2BD}.Release|Any CPU.ActiveCfg = Release|Any CPU
		{05A4FC98-944A-4C13-B6C9-D1CBF171C2BD}.Release|Any CPU.Build.0 = Release|Any CPU
	EndGlobalSection
	GlobalSection(SolutionProperties) = preSolution
		HideSolutionNode = FALSE
	EndGlobalSection
	GlobalSection(ExtensibilityGlobals) = postSolution
		SolutionGuid = {E34DCC1E-5580-400C-A646-3FFFABF5D218}
	EndGlobalSection
EndGlobal
