
Microsoft Visual Studio Solution File, Format Version 12.00
# Visual Studio 15
VisualStudioVersion = 15.0.27428.2043
MinimumVisualStudioVersion = 10.0.40219.1
Project("{FAE04EC0-301F-11D3-BF4B-00C04F79EFBC}") = "Events", "WebApplication2\Events.csproj", "{05571A51-DC14-40DA-80D1-90BC3362A558}"
EndProject
Project("{FAE04EC0-301F-11D3-BF4B-00C04F79EFBC}") = "BusAPI", "BusAPI\BusAPI.csproj", "{CAD32177-1B77-46D3-AEB6-B45EC58BC39C}"
EndProject
Project("{FAE04EC0-301F-11D3-BF4B-00C04F79EFBC}") = "Hotels", "Hotels\Hotels\Hotels.csproj", "{C1C79556-E634-4E6B-814E-9121A9A64BC2}"
EndProject
Project("{FAE04EC0-301F-11D3-BF4B-00C04F79EFBC}") = "FunTour", "FunTour\FunTour.csproj", "{762FFE45-991A-423B-9570-8096ED71A8EC}"
EndProject
Project("{FAE04EC0-301F-11D3-BF4B-00C04F79EFBC}") = "FunTourBusinessLayer", "FunTourBusinessLayer\FunTourBusinessLayer.csproj", "{5F15F599-DE3A-4E2D-9C16-AE0B2636FAFA}"
EndProject
Project("{FAE04EC0-301F-11D3-BF4B-00C04F79EFBC}") = "FunTourDataLayer", "FunTourDataLayer\FunTourDataLayer.csproj", "{6A762389-A4F1-419A-9B09-FE298B3BAB6B}"
EndProject
Project("{FAE04EC0-301F-11D3-BF4B-00C04F79EFBC}") = "Flights", "Flights\Flights.csproj", "{D44D3003-352C-409E-8676-104B547D451E}"
EndProject
Global
	GlobalSection(SolutionConfigurationPlatforms) = preSolution
		Debug|Any CPU = Debug|Any CPU
		Release|Any CPU = Release|Any CPU
	EndGlobalSection
	GlobalSection(ProjectConfigurationPlatforms) = postSolution
		{05571A51-DC14-40DA-80D1-90BC3362A558}.Debug|Any CPU.ActiveCfg = Debug|Any CPU
		{05571A51-DC14-40DA-80D1-90BC3362A558}.Debug|Any CPU.Build.0 = Debug|Any CPU
		{05571A51-DC14-40DA-80D1-90BC3362A558}.Release|Any CPU.ActiveCfg = Release|Any CPU
		{05571A51-DC14-40DA-80D1-90BC3362A558}.Release|Any CPU.Build.0 = Release|Any CPU
		{CAD32177-1B77-46D3-AEB6-B45EC58BC39C}.Debug|Any CPU.ActiveCfg = Debug|Any CPU
		{CAD32177-1B77-46D3-AEB6-B45EC58BC39C}.Debug|Any CPU.Build.0 = Debug|Any CPU
		{CAD32177-1B77-46D3-AEB6-B45EC58BC39C}.Release|Any CPU.ActiveCfg = Release|Any CPU
		{CAD32177-1B77-46D3-AEB6-B45EC58BC39C}.Release|Any CPU.Build.0 = Release|Any CPU
		{C1C79556-E634-4E6B-814E-9121A9A64BC2}.Debug|Any CPU.ActiveCfg = Debug|Any CPU
		{C1C79556-E634-4E6B-814E-9121A9A64BC2}.Debug|Any CPU.Build.0 = Debug|Any CPU
		{C1C79556-E634-4E6B-814E-9121A9A64BC2}.Release|Any CPU.ActiveCfg = Release|Any CPU
		{C1C79556-E634-4E6B-814E-9121A9A64BC2}.Release|Any CPU.Build.0 = Release|Any CPU
		{762FFE45-991A-423B-9570-8096ED71A8EC}.Debug|Any CPU.ActiveCfg = Debug|Any CPU
		{762FFE45-991A-423B-9570-8096ED71A8EC}.Debug|Any CPU.Build.0 = Debug|Any CPU
		{762FFE45-991A-423B-9570-8096ED71A8EC}.Release|Any CPU.ActiveCfg = Release|Any CPU
		{762FFE45-991A-423B-9570-8096ED71A8EC}.Release|Any CPU.Build.0 = Release|Any CPU
		{5F15F599-DE3A-4E2D-9C16-AE0B2636FAFA}.Debug|Any CPU.ActiveCfg = Debug|Any CPU
		{5F15F599-DE3A-4E2D-9C16-AE0B2636FAFA}.Debug|Any CPU.Build.0 = Debug|Any CPU
		{5F15F599-DE3A-4E2D-9C16-AE0B2636FAFA}.Release|Any CPU.ActiveCfg = Release|Any CPU
		{5F15F599-DE3A-4E2D-9C16-AE0B2636FAFA}.Release|Any CPU.Build.0 = Release|Any CPU
		{6A762389-A4F1-419A-9B09-FE298B3BAB6B}.Debug|Any CPU.ActiveCfg = Debug|Any CPU
		{6A762389-A4F1-419A-9B09-FE298B3BAB6B}.Debug|Any CPU.Build.0 = Debug|Any CPU
		{6A762389-A4F1-419A-9B09-FE298B3BAB6B}.Release|Any CPU.ActiveCfg = Release|Any CPU
		{6A762389-A4F1-419A-9B09-FE298B3BAB6B}.Release|Any CPU.Build.0 = Release|Any CPU
		{D44D3003-352C-409E-8676-104B547D451E}.Debug|Any CPU.ActiveCfg = Debug|Any CPU
		{D44D3003-352C-409E-8676-104B547D451E}.Debug|Any CPU.Build.0 = Debug|Any CPU
		{D44D3003-352C-409E-8676-104B547D451E}.Release|Any CPU.ActiveCfg = Release|Any CPU
		{D44D3003-352C-409E-8676-104B547D451E}.Release|Any CPU.Build.0 = Release|Any CPU
	EndGlobalSection
	GlobalSection(SolutionProperties) = preSolution
		HideSolutionNode = FALSE
	EndGlobalSection
	GlobalSection(ExtensibilityGlobals) = postSolution
		SolutionGuid = {3251C202-935A-43A0-BD17-4F1851E4A2FB}
	EndGlobalSection
EndGlobal
